Microsoft Visual Studio Solution File, Format Version 12.00
# Visual Studio Version 17
VisualStudioVersion = 17.5.2.0
MinimumVisualStudioVersion = 10.0.40219.1
Project("{FAE04EC0-301F-11D3-BF4B-00C04F79EFBC}") = "NETmvc2108", "NETmvc2108.csproj", "{600920CA-5DB1-D73E-C489-46F9232B8CB9}"
EndProject
Global
	GlobalSection(SolutionConfigurationPlatforms) = preSolution
		Debug|Any CPU = Debug|Any CPU
		Release|Any CPU = Release|Any CPU
	EndGlobalSection
	GlobalSection(ProjectConfigurationPlatforms) = postSolution
		{600920CA-5DB1-D73E-C489-46F9232B8CB9}.Debug|Any CPU.ActiveCfg = Debug|Any CPU
		{600920CA-5DB1-D73E-C489-46F9232B8CB9}.Debug|Any CPU.Build.0 = Debug|Any CPU
		{600920CA-5DB1-D73E-C489-46F9232B8CB9}.Release|Any CPU.ActiveCfg = Release|Any CPU
		{600920CA-5DB1-D73E-C489-46F9232B8CB9}.Release|Any CPU.Build.0 = Release|Any CPU
	EndGlobalSection
	GlobalSection(SolutionProperties) = preSolution
		HideSolutionNode = FALSE
	EndGlobalSection
	GlobalSection(ExtensibilityGlobals) = postSolution
		SolutionGuid = {DBE34D1C-E4FF-4795-9103-32B4A23F7B71}
	EndGlobalSection
EndGlobal
